
Microsoft Visual Studio Solution File, Format Version 12.00
# Visual Studio Version 16
VisualStudioVersion = 16.0.30320.27
MinimumVisualStudioVersion = 10.0.40219.1
Project("{FAE04EC0-301F-11D3-BF4B-00C04F79EFBC}") = "ElectronAngularTester", "ElectronAngularTester\ElectronAngularTester.csproj", "{11067DB9-E98B-4C3E-A85F-E65157539082}"
EndProject
Global
	GlobalSection(SolutionConfigurationPlatforms) = preSolution
		Debug|Any CPU = Debug|Any CPU
		Release|Any CPU = Release|Any CPU
	EndGlobalSection
	GlobalSection(ProjectConfigurationPlatforms) = postSolution
		{11067DB9-E98B-4C3E-A85F-E65157539082}.Debug|Any CPU.ActiveCfg = Debug|Any CPU
		{11067DB9-E98B-4C3E-A85F-E65157539082}.Debug|Any CPU.Build.0 = Debug|Any CPU
		{11067DB9-E98B-4C3E-A85F-E65157539082}.Release|Any CPU.ActiveCfg = Release|Any CPU
		{11067DB9-E98B-4C3E-A85F-E65157539082}.Release|Any CPU.Build.0 = Release|Any CPU
	EndGlobalSection
	GlobalSection(SolutionProperties) = preSolution
		HideSolutionNode = FALSE
	EndGlobalSection
	GlobalSection(ExtensibilityGlobals) = postSolution
		SolutionGuid = {B61EB678-3A55-450B-9992-4A9203142345}
	EndGlobalSection
EndGlobal
